
Microsoft Visual Studio Solution File, Format Version 12.00
# Visual Studio Version 16
VisualStudioVersion = 16.0.31205.134
MinimumVisualStudioVersion = 10.0.40219.1
Project("{FAE04EC0-301F-11D3-BF4B-00C04F79EFBC}") = "Delegate", "Delegate\Delegate.csproj", "{BFA8F979-28DB-4FA6-B5A5-81809B1448E3}"
EndProject
Project("{FAE04EC0-301F-11D3-BF4B-00C04F79EFBC}") = "StudentClassInitialization", "StudentClassInitialization\StudentClassInitialization.csproj", "{64CEF6E9-628C-4A0D-B9B2-05ACFF4B9291}"
EndProject
Project("{FAE04EC0-301F-11D3-BF4B-00C04F79EFBC}") = "FileInitialization", "FileInitialization\FileInitialization.csproj", "{195C2A9B-11DA-4E64-8067-36BB1A7D6AE8}"
EndProject
Project("{FAE04EC0-301F-11D3-BF4B-00C04F79EFBC}") = "StudentManagementFinal", "StudentManagementFinal\StudentManagementFinal.csproj", "{58B5EBCB-27DF-4280-83F9-54DB66F6FB2F}"
EndProject
Project("{FAE04EC0-301F-11D3-BF4B-00C04F79EFBC}") = "DataAccessLayer", "DataAccessLayer\DataAccessLayer.csproj", "{707DC2B4-90A0-4194-8BA9-973429A8A6B0}"
EndProject
Project("{FAE04EC0-301F-11D3-BF4B-00C04F79EFBC}") = "Event", "Event\Event.csproj", "{50168028-6556-438D-94FD-DF8F64332AF6}"
EndProject
Project("{FAE04EC0-301F-11D3-BF4B-00C04F79EFBC}") = "LibraryDonViHanhChinh", "LibraryDonViHanhChinh\LibraryDonViHanhChinh.csproj", "{DA441A96-66DA-4861-92CA-61424B8F7F2F}"
EndProject
Project("{FAE04EC0-301F-11D3-BF4B-00C04F79EFBC}") = "WebFormCRUD", "WebWithNorthwind\WebFormCRUD.csproj", "{D4A5C8F6-012A-446B-A3A9-72AC5F3202A1}"
EndProject
Project("{FAE04EC0-301F-11D3-BF4B-00C04F79EFBC}") = "ShopManagementWin", "ShopManagement\ShopManagementWin.csproj", "{035B092F-FD7A-496A-A897-D7F72DE07543}"
EndProject
Project("{FAE04EC0-301F-11D3-BF4B-00C04F79EFBC}") = "ChangeHourWin", "ChangeHourWin\ChangeHourWin.csproj", "{87C34370-FF30-4533-9CD8-7DC348FDB491}"
EndProject
Project("{FAE04EC0-301F-11D3-BF4B-00C04F79EFBC}") = "NotepadWin", "NotepadWin\NotepadWin.csproj", "{A43B31EF-CD06-4F9F-B87C-26FD2523B6C7}"
EndProject
Project("{FAE04EC0-301F-11D3-BF4B-00C04F79EFBC}") = "PETrialConsole", "PETrialConsole\PETrialConsole.csproj", "{18A09562-C2D8-473C-9F34-05ECF1FD918A}"
EndProject
Global
	GlobalSection(SolutionConfigurationPlatforms) = preSolution
		Debug|Any CPU = Debug|Any CPU
		Release|Any CPU = Release|Any CPU
	EndGlobalSection
	GlobalSection(ProjectConfigurationPlatforms) = postSolution
		{BFA8F979-28DB-4FA6-B5A5-81809B1448E3}.Debug|Any CPU.ActiveCfg = Debug|Any CPU
		{BFA8F979-28DB-4FA6-B5A5-81809B1448E3}.Debug|Any CPU.Build.0 = Debug|Any CPU
		{BFA8F979-28DB-4FA6-B5A5-81809B1448E3}.Release|Any CPU.ActiveCfg = Release|Any CPU
		{BFA8F979-28DB-4FA6-B5A5-81809B1448E3}.Release|Any CPU.Build.0 = Release|Any CPU
		{64CEF6E9-628C-4A0D-B9B2-05ACFF4B9291}.Debug|Any CPU.ActiveCfg = Debug|Any CPU
		{64CEF6E9-628C-4A0D-B9B2-05ACFF4B9291}.Debug|Any CPU.Build.0 = Debug|Any CPU
		{64CEF6E9-628C-4A0D-B9B2-05ACFF4B9291}.Release|Any CPU.ActiveCfg = Release|Any CPU
		{64CEF6E9-628C-4A0D-B9B2-05ACFF4B9291}.Release|Any CPU.Build.0 = Release|Any CPU
		{195C2A9B-11DA-4E64-8067-36BB1A7D6AE8}.Debug|Any CPU.ActiveCfg = Debug|Any CPU
		{195C2A9B-11DA-4E64-8067-36BB1A7D6AE8}.Debug|Any CPU.Build.0 = Debug|Any CPU
		{195C2A9B-11DA-4E64-8067-36BB1A7D6AE8}.Release|Any CPU.ActiveCfg = Release|Any CPU
		{195C2A9B-11DA-4E64-8067-36BB1A7D6AE8}.Release|Any CPU.Build.0 = Release|Any CPU
		{58B5EBCB-27DF-4280-83F9-54DB66F6FB2F}.Debug|Any CPU.ActiveCfg = Debug|Any CPU
		{58B5EBCB-27DF-4280-83F9-54DB66F6FB2F}.Debug|Any CPU.Build.0 = Debug|Any CPU
		{58B5EBCB-27DF-4280-83F9-54DB66F6FB2F}.Release|Any CPU.ActiveCfg = Release|Any CPU
		{58B5EBCB-27DF-4280-83F9-54DB66F6FB2F}.Release|Any CPU.Build.0 = Release|Any CPU
		{707DC2B4-90A0-4194-8BA9-973429A8A6B0}.Debug|Any CPU.ActiveCfg = Debug|Any CPU
		{707DC2B4-90A0-4194-8BA9-973429A8A6B0}.Debug|Any CPU.Build.0 = Debug|Any CPU
		{707DC2B4-90A0-4194-8BA9-973429A8A6B0}.Release|Any CPU.ActiveCfg = Release|Any CPU
		{707DC2B4-90A0-4194-8BA9-973429A8A6B0}.Release|Any CPU.Build.0 = Release|Any CPU
		{50168028-6556-438D-94FD-DF8F64332AF6}.Debug|Any CPU.ActiveCfg = Debug|Any CPU
		{50168028-6556-438D-94FD-DF8F64332AF6}.Debug|Any CPU.Build.0 = Debug|Any CPU
		{50168028-6556-438D-94FD-DF8F64332AF6}.Release|Any CPU.ActiveCfg = Release|Any CPU
		{50168028-6556-438D-94FD-DF8F64332AF6}.Release|Any CPU.Build.0 = Release|Any CPU
		{DA441A96-66DA-4861-92CA-61424B8F7F2F}.Debug|Any CPU.ActiveCfg = Debug|Any CPU
		{DA441A96-66DA-4861-92CA-61424B8F7F2F}.Debug|Any CPU.Build.0 = Debug|Any CPU
		{DA441A96-66DA-4861-92CA-61424B8F7F2F}.Release|Any CPU.ActiveCfg = Release|Any CPU
		{DA441A96-66DA-4861-92CA-61424B8F7F2F}.Release|Any CPU.Build.0 = Release|Any CPU
		{D4A5C8F6-012A-446B-A3A9-72AC5F3202A1}.Debug|Any CPU.ActiveCfg = Debug|Any CPU
		{D4A5C8F6-012A-446B-A3A9-72AC5F3202A1}.Debug|Any CPU.Build.0 = Debug|Any CPU
		{D4A5C8F6-012A-446B-A3A9-72AC5F3202A1}.Release|Any CPU.ActiveCfg = Release|Any CPU
		{D4A5C8F6-012A-446B-A3A9-72AC5F3202A1}.Release|Any CPU.Build.0 = Release|Any CPU
		{035B092F-FD7A-496A-A897-D7F72DE07543}.Debug|Any CPU.ActiveCfg = Debug|Any CPU
		{035B092F-FD7A-496A-A897-D7F72DE07543}.Debug|Any CPU.Build.0 = Debug|Any CPU
		{035B092F-FD7A-496A-A897-D7F72DE07543}.Release|Any CPU.ActiveCfg = Release|Any CPU
		{035B092F-FD7A-496A-A897-D7F72DE07543}.Release|Any CPU.Build.0 = Release|Any CPU
		{87C34370-FF30-4533-9CD8-7DC348FDB491}.Debug|Any CPU.ActiveCfg = Debug|Any CPU
		{87C34370-FF30-4533-9CD8-7DC348FDB491}.Debug|Any CPU.Build.0 = Debug|Any CPU
		{87C34370-FF30-4533-9CD8-7DC348FDB491}.Release|Any CPU.ActiveCfg = Release|Any CPU
		{87C34370-FF30-4533-9CD8-7DC348FDB491}.Release|Any CPU.Build.0 = Release|Any CPU
		{A43B31EF-CD06-4F9F-B87C-26FD2523B6C7}.Debug|Any CPU.ActiveCfg = Debug|Any CPU
		{A43B31EF-CD06-4F9F-B87C-26FD2523B6C7}.Debug|Any CPU.Build.0 = Debug|Any CPU
		{A43B31EF-CD06-4F9F-B87C-26FD2523B6C7}.Release|Any CPU.ActiveCfg = Release|Any CPU
		{A43B31EF-CD06-4F9F-B87C-26FD2523B6C7}.Release|Any CPU.Build.0 = Release|Any CPU
		{18A09562-C2D8-473C-9F34-05ECF1FD918A}.Debug|Any CPU.ActiveCfg = Debug|Any CPU
		{18A09562-C2D8-473C-9F34-05ECF1FD918A}.Debug|Any CPU.Build.0 = Debug|Any CPU
		{18A09562-C2D8-473C-9F34-05ECF1FD918A}.Release|Any CPU.ActiveCfg = Release|Any CPU
		{18A09562-C2D8-473C-9F34-05ECF1FD918A}.Release|Any CPU.Build.0 = Release|Any CPU
	EndGlobalSection
	GlobalSection(SolutionProperties) = preSolution
		HideSolutionNode = FALSE
	EndGlobalSection
	GlobalSection(ExtensibilityGlobals) = postSolution
		SolutionGuid = {BF48998B-B233-492D-985C-26A55F2CAB3B}
	EndGlobalSection
EndGlobal
