
Microsoft Visual Studio Solution File, Format Version 12.00
# Visual Studio Version 16
VisualStudioVersion = 16.0.31321.278
MinimumVisualStudioVersion = 10.0.40219.1
Project("{FAE04EC0-301F-11D3-BF4B-00C04F79EFBC}") = "TrialPE", "TrialPE\TrialPE.csproj", "{DFB117B3-9DD3-4F83-B31C-402824146DCC}"
EndProject
Global
	GlobalSection(SolutionConfigurationPlatforms) = preSolution
		Debug|Any CPU = Debug|Any CPU
		Release|Any CPU = Release|Any CPU
	EndGlobalSection
	GlobalSection(ProjectConfigurationPlatforms) = postSolution
		{DFB117B3-9DD3-4F83-B31C-402824146DCC}.Debug|Any CPU.ActiveCfg = Debug|Any CPU
		{DFB117B3-9DD3-4F83-B31C-402824146DCC}.Debug|Any CPU.Build.0 = Debug|Any CPU
		{DFB117B3-9DD3-4F83-B31C-402824146DCC}.Release|Any CPU.ActiveCfg = Release|Any CPU
		{DFB117B3-9DD3-4F83-B31C-402824146DCC}.Release|Any CPU.Build.0 = Release|Any CPU
	EndGlobalSection
	GlobalSection(SolutionProperties) = preSolution
		HideSolutionNode = FALSE
	EndGlobalSection
	GlobalSection(ExtensibilityGlobals) = postSolution
		SolutionGuid = {B2C42DB1-A842-47B0-8E30-8B35EE532496}
	EndGlobalSection
EndGlobal
