
Microsoft Visual Studio Solution File, Format Version 12.00
# Visual Studio Version 16
VisualStudioVersion = 16.0.31205.134
MinimumVisualStudioVersion = 10.0.40219.1
Project("{FAE04EC0-301F-11D3-BF4B-00C04F79EFBC}") = "App1", "App1\App1.csproj", "{87C34370-FF30-4533-9CD8-7DC348FDB491}"
EndProject
Project("{FAE04EC0-301F-11D3-BF4B-00C04F79EFBC}") = "App2", "App2\App2.csproj", "{A43B31EF-CD06-4F9F-B87C-26FD2523B6C7}"
EndProject
Global
	GlobalSection(SolutionConfigurationPlatforms) = preSolution
		Debug|Any CPU = Debug|Any CPU
		Release|Any CPU = Release|Any CPU
	EndGlobalSection
	GlobalSection(ProjectConfigurationPlatforms) = postSolution
		{87C34370-FF30-4533-9CD8-7DC348FDB491}.Debug|Any CPU.ActiveCfg = Debug|Any CPU
		{87C34370-FF30-4533-9CD8-7DC348FDB491}.Debug|Any CPU.Build.0 = Debug|Any CPU
		{87C34370-FF30-4533-9CD8-7DC348FDB491}.Release|Any CPU.ActiveCfg = Release|Any CPU
		{87C34370-FF30-4533-9CD8-7DC348FDB491}.Release|Any CPU.Build.0 = Release|Any CPU
		{A43B31EF-CD06-4F9F-B87C-26FD2523B6C7}.Debug|Any CPU.ActiveCfg = Debug|Any CPU
		{A43B31EF-CD06-4F9F-B87C-26FD2523B6C7}.Debug|Any CPU.Build.0 = Debug|Any CPU
		{A43B31EF-CD06-4F9F-B87C-26FD2523B6C7}.Release|Any CPU.ActiveCfg = Release|Any CPU
		{A43B31EF-CD06-4F9F-B87C-26FD2523B6C7}.Release|Any CPU.Build.0 = Release|Any CPU
	EndGlobalSection
	GlobalSection(SolutionProperties) = preSolution
		HideSolutionNode = FALSE
	EndGlobalSection
	GlobalSection(ExtensibilityGlobals) = postSolution
		SolutionGuid = {F2ECD26E-EDB7-4565-BA0B-B42DFDB514F6}
	EndGlobalSection
EndGlobal
